
Microsoft Visual Studio Solution File, Format Version 12.00
# Visual Studio Version 17
VisualStudioVersion = 17.0.31912.275
MinimumVisualStudioVersion = 10.0.40219.1
Project("{002A2DE9-8BB6-484D-9802-7E4AD4084715}") = "SonarSweep", "SonarSweep\SonarSweep.visualdproj", "{8B784BAF-F807-4767-AA0B-D6D67BE625BC}"
EndProject
Project("{002A2DE9-8BB6-484D-9802-7E4AD4084715}") = "Dive", "Dive\Dive.visualdproj", "{DB5BD457-0084-4E77-8A21-4A174C430C2F}"
EndProject
Project("{002A2DE9-8BB6-484D-9802-7E4AD4084715}") = "BinaryDiagnostic", "BinaryDiagnostic\BinaryDiagnostic.visualdproj", "{A88F0F5D-9EF0-4637-8C75-7C573F34624E}"
EndProject
Global
	GlobalSection(SolutionConfigurationPlatforms) = preSolution
		Debug|x64 = Debug|x64
		Debug|x86 = Debug|x86
		Release|x64 = Release|x64
		Release|x86 = Release|x86
	EndGlobalSection
	GlobalSection(ProjectConfigurationPlatforms) = postSolution
		{8B784BAF-F807-4767-AA0B-D6D67BE625BC}.Debug|x64.ActiveCfg = Debug|x64
		{8B784BAF-F807-4767-AA0B-D6D67BE625BC}.Debug|x64.Build.0 = Debug|x64
		{8B784BAF-F807-4767-AA0B-D6D67BE625BC}.Debug|x86.ActiveCfg = Debug|Win32
		{8B784BAF-F807-4767-AA0B-D6D67BE625BC}.Debug|x86.Build.0 = Debug|Win32
		{8B784BAF-F807-4767-AA0B-D6D67BE625BC}.Release|x64.ActiveCfg = Release|x64
		{8B784BAF-F807-4767-AA0B-D6D67BE625BC}.Release|x64.Build.0 = Release|x64
		{8B784BAF-F807-4767-AA0B-D6D67BE625BC}.Release|x86.ActiveCfg = Release|Win32
		{8B784BAF-F807-4767-AA0B-D6D67BE625BC}.Release|x86.Build.0 = Release|Win32
		{DB5BD457-0084-4E77-8A21-4A174C430C2F}.Debug|x64.ActiveCfg = Debug|x64
		{DB5BD457-0084-4E77-8A21-4A174C430C2F}.Debug|x64.Build.0 = Debug|x64
		{DB5BD457-0084-4E77-8A21-4A174C430C2F}.Debug|x86.ActiveCfg = Debug|Win32
		{DB5BD457-0084-4E77-8A21-4A174C430C2F}.Debug|x86.Build.0 = Debug|Win32
		{DB5BD457-0084-4E77-8A21-4A174C430C2F}.Release|x64.ActiveCfg = Release|x64
		{DB5BD457-0084-4E77-8A21-4A174C430C2F}.Release|x64.Build.0 = Release|x64
		{DB5BD457-0084-4E77-8A21-4A174C430C2F}.Release|x86.ActiveCfg = Release|Win32
		{DB5BD457-0084-4E77-8A21-4A174C430C2F}.Release|x86.Build.0 = Release|Win32
		{A88F0F5D-9EF0-4637-8C75-7C573F34624E}.Debug|x64.ActiveCfg = Debug|x64
		{A88F0F5D-9EF0-4637-8C75-7C573F34624E}.Debug|x64.Build.0 = Debug|x64
		{A88F0F5D-9EF0-4637-8C75-7C573F34624E}.Debug|x86.ActiveCfg = Debug|Win32
		{A88F0F5D-9EF0-4637-8C75-7C573F34624E}.Debug|x86.Build.0 = Debug|Win32
		{A88F0F5D-9EF0-4637-8C75-7C573F34624E}.Release|x64.ActiveCfg = Release|x64
		{A88F0F5D-9EF0-4637-8C75-7C573F34624E}.Release|x64.Build.0 = Release|x64
		{A88F0F5D-9EF0-4637-8C75-7C573F34624E}.Release|x86.ActiveCfg = Release|Win32
		{A88F0F5D-9EF0-4637-8C75-7C573F34624E}.Release|x86.Build.0 = Release|Win32
	EndGlobalSection
	GlobalSection(SolutionProperties) = preSolution
		HideSolutionNode = FALSE
	EndGlobalSection
	GlobalSection(ExtensibilityGlobals) = postSolution
		SolutionGuid = {9CC2C67D-5DEB-4DFB-88D2-1E34619BD77A}
	EndGlobalSection
EndGlobal
